// !$*UTF8*$!
{
	archiveVersion = 1;
	classes = {
	};
	objectVersion = 46;
	objects = {

/* Begin PBXBuildFile section */
		6E6FEF891C9B2C030056536A /* BookModel.swift in Sources */ = {isa = PBXBuildFile; fileRef = 6E6FEF881C9B2C030056536A /* BookModel.swift */; };
		6EE9BA461C941FFF002DE48D /* AppDelegate.swift in Sources */ = {isa = PBXBuildFile; fileRef = 6EE9BA451C941FFF002DE48D /* AppDelegate.swift */; };
		6EE9BA481C941FFF002DE48D /* ViewController.swift in Sources */ = {isa = PBXBuildFile; fileRef = 6EE9BA471C941FFF002DE48D /* ViewController.swift */; };
		6EE9BA4B1C941FFF002DE48D /* Main.storyboard in Resources */ = {isa = PBXBuildFile; fileRef = 6EE9BA491C941FFF002DE48D /* Main.storyboard */; };
		6EE9BA4D1C941FFF002DE48D /* Assets.xcassets in Resources */ = {isa = PBXBuildFile; fileRef = 6EE9BA4C1C941FFF002DE48D /* Assets.xcassets */; };
		6EE9BA501C941FFF002DE48D /* LaunchScreen.storyboard in Resources */ = {isa = PBXBuildFile; fileRef = 6EE9BA4E1C941FFF002DE48D /* LaunchScreen.storyboard */; };
		6EE9BA581C942084002DE48D /* OpenLibraryManager.swift in Sources */ = {isa = PBXBuildFile; fileRef = 6EE9BA571C942084002DE48D /* OpenLibraryManager.swift */; };
		6EF9F3431CA31EB20012B3DB /* BookListViewController.swift in Sources */ = {isa = PBXBuildFile; fileRef = 6EF9F3421CA31EB20012B3DB /* BookListViewController.swift */; };
/* End PBXBuildFile section */

/* Begin PBXFileReference section */
		6E6FEF881C9B2C030056536A /* BookModel.swift */ = {isa = PBXFileReference; fileEncoding = 4; lastKnownFileType = sourcecode.swift; path = BookModel.swift; sourceTree = "<group>"; };
		6EE9BA421C941FFF002DE48D /* BookFinder.app */ = {isa = PBXFileReference; explicitFileType = wrapper.application; includeInIndex = 0; path = BookFinder.app; sourceTree = BUILT_PRODUCTS_DIR; };
		6EE9BA451C941FFF002DE48D /* AppDelegate.swift */ = {isa = PBXFileReference; lastKnownFileType = sourcecode.swift; path = AppDelegate.swift; sourceTree = "<group>"; };
		6EE9BA471C941FFF002DE48D /* ViewController.swift */ = {isa = PBXFileReference; lastKnownFileType = sourcecode.swift; path = ViewController.swift; sourceTree = "<group>"; };
		6EE9BA4A1C941FFF002DE48D /* Base */ = {isa = PBXFileReference; lastKnownFileType = file.storyboard; name = Base; path = Base.lproj/Main.storyboard; sourceTree = "<group>"; };
		6EE9BA4C1C941FFF002DE48D /* Assets.xcassets */ = {isa = PBXFileReference; lastKnownFileType = folder.assetcatalog; path = Assets.xcassets; sourceTree = "<group>"; };
		6EE9BA4F1C941FFF002DE48D /* Base */ = {isa = PBXFileReference; lastKnownFileType = file.storyboard; name = Base; path = Base.lproj/LaunchScreen.storyboard; sourceTree = "<group>"; };
		6EE9BA511C941FFF002DE48D /* Info.plist */ = {isa = PBXFileReference; lastKnownFileType = text.plist.xml; path = Info.plist; sourceTree = "<group>"; };
		6EE9BA571C942084002DE48D /* OpenLibraryManager.swift */ = {isa = PBXFileReference; fileEncoding = 4; lastKnownFileType = sourcecode.swift; path = OpenLibraryManager.swift; sourceTree = "<group>"; };
		6EF9F3421CA31EB20012B3DB /* BookListViewController.swift */ = {isa = PBXFileReference; fileEncoding = 4; lastKnownFileType = sourcecode.swift; path = BookListViewController.swift; sourceTree = "<group>"; };
/* End PBXFileReference section */

/* Begin PBXFrameworksBuildPhase section */
		6EE9BA3F1C941FFE002DE48D /* Frameworks */ = {
			isa = PBXFrameworksBuildPhase;
			buildActionMask = 2147483647;
			files = (
			);
			runOnlyForDeploymentPostprocessing = 0;
		};
/* End PBXFrameworksBuildPhase section */

/* Begin PBXGroup section */
		6EE9BA391C941FFE002DE48D = {
			isa = PBXGroup;
			children = (
				6EE9BA441C941FFF002DE48D /* BookFinder */,
				6EE9BA431C941FFF002DE48D /* Products */,
			);
			sourceTree = "<group>";
		};
		6EE9BA431C941FFF002DE48D /* Products */ = {
			isa = PBXGroup;
			children = (
				6EE9BA421C941FFF002DE48D /* BookFinder.app */,
			);
			name = Products;
			sourceTree = "<group>";
		};
		6EE9BA441C941FFF002DE48D /* BookFinder */ = {
			isa = PBXGroup;
			children = (
				6EE9BA451C941FFF002DE48D /* AppDelegate.swift */,
				6EE9BA471C941FFF002DE48D /* ViewController.swift */,
				6EF9F3421CA31EB20012B3DB /* BookListViewController.swift */,
				6E6FEF881C9B2C030056536A /* BookModel.swift */,
				6EE9BA571C942084002DE48D /* OpenLibraryManager.swift */,
				6EE9BA491C941FFF002DE48D /* Main.storyboard */,
				6EE9BA4C1C941FFF002DE48D /* Assets.xcassets */,
				6EE9BA4E1C941FFF002DE48D /* LaunchScreen.storyboard */,
				6EE9BA511C941FFF002DE48D /* Info.plist */,
			);
			path = BookFinder;
			sourceTree = "<group>";
		};
/* End PBXGroup section */

/* Begin PBXNativeTarget section */
		6EE9BA411C941FFE002DE48D /* BookFinder */ = {
			isa = PBXNativeTarget;
			buildConfigurationList = 6EE9BA541C941FFF002DE48D /* Build configuration list for PBXNativeTarget "BookFinder" */;
			buildPhases = (
				6EE9BA3E1C941FFE002DE48D /* Sources */,
				6EE9BA3F1C941FFE002DE48D /* Frameworks */,
				6EE9BA401C941FFE002DE48D /* Resources */,
			);
			buildRules = (
			);
			dependencies = (
			);
			name = BookFinder;
			productName = BookFinder;
			productReference = 6EE9BA421C941FFF002DE48D /* BookFinder.app */;
			productType = "com.apple.product-type.application";
		};
/* End PBXNativeTarget section */

/* Begin PBXProject section */
		6EE9BA3A1C941FFE002DE48D /* Project object */ = {
			isa = PBXProject;
			attributes = {
				LastSwiftUpdateCheck = 0720;
				LastUpgradeCheck = 0720;
				ORGANIZATIONNAME = "Aldo Castro";
				TargetAttributes = {
					6EE9BA411C941FFE002DE48D = {
						CreatedOnToolsVersion = 7.2;
					};
				};
			};
			buildConfigurationList = 6EE9BA3D1C941FFE002DE48D /* Build configuration list for PBXProject "BookFinder" */;
			compatibilityVersion = "Xcode 3.2";
			developmentRegion = English;
			hasScannedForEncodings = 0;
			knownRegions = (
				en,
				Base,
			);
			mainGroup = 6EE9BA391C941FFE002DE48D;
			productRefGroup = 6EE9BA431C941FFF002DE48D /* Products */;
			projectDirPath = "";
			projectRoot = "";
			targets = (
				6EE9BA411C941FFE002DE48D /* BookFinder */,
			);
		};
/* End PBXProject section */

/* Begin PBXResourcesBuildPhase section */
		6EE9BA401C941FFE002DE48D /* Resources */ = {
			isa = PBXResourcesBuildPhase;
			buildActionMask = 2147483647;
			files = (
				6EE9BA501C941FFF002DE48D /* LaunchScreen.storyboard in Resources */,
				6EE9BA4D1C941FFF002DE48D /* Assets.xcassets in Resources */,
				6EE9BA4B1C941FFF002DE48D /* Main.storyboard in Resources */,
			);
			runOnlyForDeploymentPostprocessing = 0;
		};
/* End PBXResourcesBuildPhase section */

/* Begin PBXSourcesBuildPhase section */
		6EE9BA3E1C941FFE002DE48D /* Sources */ = {
			isa = PBXSourcesBuildPhase;
			buildActionMask = 2147483647;
			files = (
				6EE9BA481C941FFF002DE48D /* ViewController.swift in Sources */,
				6EE9BA581C942084002DE48D /* OpenLibraryManager.swift in Sources */,
				6E6FEF891C9B2C030056536A /* BookModel.swift in Sources */,
				6EE9BA461C941FFF002DE48D /* AppDelegate.swift in Sources */,
				6EF9F3431CA31EB20012B3DB /* BookListViewController.swift in Sources */,
			);
			runOnlyForDeploymentPostprocessing = 0;
		};
/* End PBXSourcesBuildPhase section */

/* Begin PBXVariantGroup section */
		6EE9BA491C941FFF002DE48D /* Main.storyboard */ = {
			isa = PBXVariantGroup;
			children = (
				6EE9BA4A1C941FFF002DE48D /* Base */,
			);
			name = Main.storyboard;
			sourceTree = "<group>";
		};
		6EE9BA4E1C941FFF002DE48D /* LaunchScreen.storyboard */ = {
			isa = PBXVariantGroup;
			children = (
				6EE9BA4F1C941FFF002DE48D /* Base */,
			);
			name = LaunchScreen.storyboard;
			sourceTree = "<group>";
		};
/* End PBXVariantGroup section */

/* Begin XCBuildConfiguration section */
		6EE9BA521C941FFF002DE48D /* Debug */ = {
			isa = XCBuildConfiguration;
			buildSettings = {
				ALWAYS_SEARCH_USER_PATHS = NO;
				CLANG_CXX_LANGUAGE_STANDARD = "gnu++0x";
				CLANG_CXX_LIBRARY = "libc++";
				CLANG_ENABLE_MODULES = YES;
				CLANG_ENABLE_OBJC_ARC = YES;
				CLANG_WARN_BOOL_CONVERSION = YES;
				CLANG_WARN_CONSTANT_CONVERSION = YES;
				CLANG_WARN_DIRECT_OBJC_ISA_USAGE = YES_ERROR;
				CLANG_WARN_EMPTY_BODY = YES;
				CLANG_WARN_ENUM_CONVERSION = YES;
				CLANG_WARN_INT_CONVERSION = YES;
				CLANG_WARN_OBJC_ROOT_CLASS = YES_ERROR;
				CLANG_WARN_UNREACHABLE_CODE = YES;
				CLANG_WARN__DUPLICATE_METHOD_MATCH = YES;
				"CODE_SIGN_IDENTITY[sdk=iphoneos*]" = "iPhone Developer";
				COPY_PHASE_STRIP = NO;
				DEBUG_INFORMATION_FORMAT = dwarf;
				ENABLE_STRICT_OBJC_MSGSEND = YES;
				ENABLE_TESTABILITY = YES;
				GCC_C_LANGUAGE_STANDARD = gnu99;
				GCC_DYNAMIC_NO_PIC = NO;
				GCC_NO_COMMON_BLOCKS = YES;
				GCC_OPTIMIZATION_LEVEL = 0;
				GCC_PREPROCESSOR_DEFINITIONS = (
					"DEBUG=1",
					"$(inherited)",
				);
				GCC_WARN_64_TO_32_BIT_CONVERSION = YES;
				GCC_WARN_ABOUT_RETURN_TYPE = YES_ERROR;
				GCC_WARN_UNDECLARED_SELECTOR = YES;
				GCC_WARN_UNINITIALIZED_AUTOS = YES_AGGRESSIVE;
				GCC_WARN_UNUSED_FUNCTION = YES;
				GCC_WARN_UNUSED_VARIABLE = YES;
				IPHONEOS_DEPLOYMENT_TARGET = 9.2;
				MTL_ENABLE_DEBUG_INFO = YES;
				ONLY_ACTIVE_ARCH = YES;
				SDKROOT = iphoneos;
				SWIFT_OPTIMIZATION_LEVEL = "-Onone";
			};
			name = Debug;
		};
		6EE9BA531C941FFF002DE48D /* Release */ = {
			isa = XCBuildConfiguration;
			buildSettings = {
				ALWAYS_SEARCH_USER_PATHS = NO;
				CLANG_CXX_LANGUAGE_STANDARD = "gnu++0x";
				CLANG_CXX_LIBRARY = "libc++";
				CLANG_ENABLE_MODULES = YES;
				CLANG_ENABLE_OBJC_ARC = YES;
				CLANG_WARN_BOOL_CONVERSION = YES;
				CLANG_WARN_CONSTANT_CONVERSION = YES;
				CLANG_WARN_DIRECT_OBJC_ISA_USAGE = YES_ERROR;
				CLANG_WARN_EMPTY_BODY = YES;
				CLANG_WARN_ENUM_CONVERSION = YES;
				CLANG_WARN_INT_CONVERSION = YES;
				CLANG_WARN_OBJC_ROOT_CLASS = YES_ERROR;
				CLANG_WARN_UNREACHABLE_CODE = YES;
				CLANG_WARN__DUPLICATE_METHOD_MATCH = YES;
				"CODE_SIGN_IDENTITY[sdk=iphoneos*]" = "iPhone Developer";
				COPY_PHASE_STRIP = NO;
				DEBUG_INFORMATION_FORMAT = "dwarf-with-dsym";
				ENABLE_NS_ASSERTIONS = NO;
				ENABLE_STRICT_OBJC_MSGSEND = YES;
				GCC_C_LANGUAGE_STANDARD = gnu99;
				GCC_NO_COMMON_BLOCKS = YES;
				GCC_WARN_64_TO_32_BIT_CONVERSION = YES;
				GCC_WARN_ABOUT_RETURN_TYPE = YES_ERROR;
				GCC_WARN_UNDECLARED_SELECTOR = YES;
				GCC_WARN_UNINITIALIZED_AUTOS = YES_AGGRESSIVE;
				GCC_WARN_UNUSED_FUNCTION = YES;
				GCC_WARN_UNUSED_VARIABLE = YES;
				IPHONEOS_DEPLOYMENT_TARGET = 9.2;
				MTL_ENABLE_DEBUG_INFO = NO;
				SDKROOT = iphoneos;
				VALIDATE_PRODUCT = YES;
			};
			name = Release;
		};
		6EE9BA551C941FFF002DE48D /* Debug */ = {
			isa = XCBuildConfiguration;
			buildSettings = {
				ASSETCATALOG_COMPILER_APPICON_NAME = AppIcon;
				INFOPLIST_FILE = BookFinder/Info.plist;
				LD_RUNPATH_SEARCH_PATHS = "$(inherited) @executable_path/Frameworks";
				PRODUCT_BUNDLE_IDENTIFIER = com.acastro.BookFinder;
				PRODUCT_NAME = "$(TARGET_NAME)";
			};
			name = Debug;
		};
		6EE9BA561C941FFF002DE48D /* Release */ = {
			isa = XCBuildConfiguration;
			buildSettings = {
				ASSETCATALOG_COMPILER_APPICON_NAME = AppIcon;
				INFOPLIST_FILE = BookFinder/Info.plist;
				LD_RUNPATH_SEARCH_PATHS = "$(inherited) @executable_path/Frameworks";
				PRODUCT_BUNDLE_IDENTIFIER = com.acastro.BookFinder;
				PRODUCT_NAME = "$(TARGET_NAME)";
			};
			name = Release;
		};
/* End XCBuildConfiguration section */

/* Begin XCConfigurationList section */
		6EE9BA3D1C941FFE002DE48D /* Build configuration list for PBXProject "BookFinder" */ = {
			isa = XCConfigurationList;
			buildConfigurations = (
				6EE9BA521C941FFF002DE48D /* Debug */,
				6EE9BA531C941FFF002DE48D /* Release */,
			);
			defaultConfigurationIsVisible = 0;
			defaultConfigurationName = Release;
		};
		6EE9BA541C941FFF002DE48D /* Build configuration list for PBXNativeTarget "BookFinder" */ = {
			isa = XCConfigurationList;
			buildConfigurations = (
				6EE9BA551C941FFF002DE48D /* Debug */,
				6EE9BA561C941FFF002DE48D /* Release */,
			);
			defaultConfigurationIsVisible = 0;
			defaultConfigurationName = Release;
		};
/* End XCConfigurationList section */
	};
	rootObject = 6EE9BA3A1C941FFE002DE48D /* Project object */;
}
